// !$*UTF8*$!
{
	archiveVersion = 1;
	classes = {
	};
	objectVersion = 46;
	objects = {

/* Begin PBXBuildFile section */
		CAE028A51DF15CE300E0D09C /* AppDelegate.swift in Sources */ = {isa = PBXBuildFile; fileRef = CAE028A41DF15CE300E0D09C /* AppDelegate.swift */; };
		CAE028A71DF15CE300E0D09C /* GameScene.sks in Resources */ = {isa = PBXBuildFile; fileRef = CAE028A61DF15CE300E0D09C /* GameScene.sks */; };
		CAE028A91DF15CE300E0D09C /* Actions.sks in Resources */ = {isa = PBXBuildFile; fileRef = CAE028A81DF15CE300E0D09C /* Actions.sks */; };
		CAE028AB1DF15CE300E0D09C /* GameScene.swift in Sources */ = {isa = PBXBuildFile; fileRef = CAE028AA1DF15CE300E0D09C /* GameScene.swift */; };
		CAE028AD1DF15CE300E0D09C /* GameViewController.swift in Sources */ = {isa = PBXBuildFile; fileRef = CAE028AC1DF15CE300E0D09C /* GameViewController.swift */; };
		CAE028B01DF15CE300E0D09C /* Main.storyboard in Resources */ = {isa = PBXBuildFile; fileRef = CAE028AE1DF15CE300E0D09C /* Main.storyboard */; };
		CAE028B21DF15CE300E0D09C /* Assets.xcassets in Resources */ = {isa = PBXBuildFile; fileRef = CAE028B11DF15CE300E0D09C /* Assets.xcassets */; };
		CAE028B51DF15CE300E0D09C /* LaunchScreen.storyboard in Resources */ = {isa = PBXBuildFile; fileRef = CAE028B31DF15CE300E0D09C /* LaunchScreen.storyboard */; };
/* End PBXBuildFile section */

/* Begin PBXFileReference section */
		CAE028A11DF15CE300E0D09C /* SpriteKitSimpleGame.app */ = {isa = PBXFileReference; explicitFileType = wrapper.application; includeInIndex = 0; path = SpriteKitSimpleGame.app; sourceTree = BUILT_PRODUCTS_DIR; };
		CAE028A41DF15CE300E0D09C /* AppDelegate.swift */ = {isa = PBXFileReference; lastKnownFileType = sourcecode.swift; path = AppDelegate.swift; sourceTree = "<group>"; };
		CAE028A61DF15CE300E0D09C /* GameScene.sks */ = {isa = PBXFileReference; lastKnownFileType = file.sks; path = GameScene.sks; sourceTree = "<group>"; };
		CAE028A81DF15CE300E0D09C /* Actions.sks */ = {isa = PBXFileReference; lastKnownFileType = file.sks; path = Actions.sks; sourceTree = "<group>"; };
		CAE028AA1DF15CE300E0D09C /* GameScene.swift */ = {isa = PBXFileReference; lastKnownFileType = sourcecode.swift; path = GameScene.swift; sourceTree = "<group>"; };
		CAE028AC1DF15CE300E0D09C /* GameViewController.swift */ = {isa = PBXFileReference; lastKnownFileType = sourcecode.swift; path = GameViewController.swift; sourceTree = "<group>"; };
		CAE028AF1DF15CE300E0D09C /* Base */ = {isa = PBXFileReference; lastKnownFileType = file.storyboard; name = Base; path = Base.lproj/Main.storyboard; sourceTree = "<group>"; };
		CAE028B11DF15CE300E0D09C /* Assets.xcassets */ = {isa = PBXFileReference; lastKnownFileType = folder.assetcatalog; path = Assets.xcassets; sourceTree = "<group>"; };
		CAE028B41DF15CE300E0D09C /* Base */ = {isa = PBXFileReference; lastKnownFileType = file.storyboard; name = Base; path = Base.lproj/LaunchScreen.storyboard; sourceTree = "<group>"; };
		CAE028B61DF15CE300E0D09C /* Info.plist */ = {isa = PBXFileReference; lastKnownFileType = text.plist.xml; path = Info.plist; sourceTree = "<group>"; };
/* End PBXFileReference section */

/* Begin PBXFrameworksBuildPhase section */
		CAE0289E1DF15CE300E0D09C /* Frameworks */ = {
			isa = PBXFrameworksBuildPhase;
			buildActionMask = 2147483647;
			files = (
			);
			runOnlyForDeploymentPostprocessing = 0;
		};
/* End PBXFrameworksBuildPhase section */

/* Begin PBXGroup section */
		CAE028981DF15CE300E0D09C = {
			isa = PBXGroup;
			children = (
				CAE028A31DF15CE300E0D09C /* SpriteKitSimpleGame */,
				CAE028A21DF15CE300E0D09C /* Products */,
			);
			sourceTree = "<group>";
		};
		CAE028A21DF15CE300E0D09C /* Products */ = {
			isa = PBXGroup;
			children = (
				CAE028A11DF15CE300E0D09C /* SpriteKitSimpleGame.app */,
			);
			name = Products;
			sourceTree = "<group>";
		};
		CAE028A31DF15CE300E0D09C /* SpriteKitSimpleGame */ = {
			isa = PBXGroup;
			children = (
				CAE028A41DF15CE300E0D09C /* AppDelegate.swift */,
				CAE028A61DF15CE300E0D09C /* GameScene.sks */,
				CAE028A81DF15CE300E0D09C /* Actions.sks */,
				CAE028AA1DF15CE300E0D09C /* GameScene.swift */,
				CAE028AC1DF15CE300E0D09C /* GameViewController.swift */,
				CAE028AE1DF15CE300E0D09C /* Main.storyboard */,
				CAE028B11DF15CE300E0D09C /* Assets.xcassets */,
				CAE028B31DF15CE300E0D09C /* LaunchScreen.storyboard */,
				CAE028B61DF15CE300E0D09C /* Info.plist */,
			);
			path = SpriteKitSimpleGame;
			sourceTree = "<group>";
		};
/* End PBXGroup section */

/* Begin PBXNativeTarget section */
		CAE028A01DF15CE300E0D09C /* SpriteKitSimpleGame */ = {
			isa = PBXNativeTarget;
			buildConfigurationList = CAE028B91DF15CE300E0D09C /* Build configuration list for PBXNativeTarget "SpriteKitSimpleGame" */;
			buildPhases = (
				CAE0289D1DF15CE300E0D09C /* Sources */,
				CAE0289E1DF15CE300E0D09C /* Frameworks */,
				CAE0289F1DF15CE300E0D09C /* Resources */,
			);
			buildRules = (
			);
			dependencies = (
			);
			name = SpriteKitSimpleGame;
			productName = SpriteKitSimpleGame;
			productReference = CAE028A11DF15CE300E0D09C /* SpriteKitSimpleGame.app */;
			productType = "com.apple.product-type.application";
		};
/* End PBXNativeTarget section */

/* Begin PBXProject section */
		CAE028991DF15CE300E0D09C /* Project object */ = {
			isa = PBXProject;
			attributes = {
				LastSwiftUpdateCheck = 0800;
				LastUpgradeCheck = 0800;
				ORGANIZATIONNAME = "Natalia Valgepea";
				TargetAttributes = {
					CAE028A01DF15CE300E0D09C = {
						CreatedOnToolsVersion = 8.0;
						ProvisioningStyle = Automatic;
					};
				};
			};
			buildConfigurationList = CAE0289C1DF15CE300E0D09C /* Build configuration list for PBXProject "SpriteKitSimpleGame" */;
			compatibilityVersion = "Xcode 3.2";
			developmentRegion = English;
			hasScannedForEncodings = 0;
			knownRegions = (
				en,
				Base,
			);
			mainGroup = CAE028981DF15CE300E0D09C;
			productRefGroup = CAE028A21DF15CE300E0D09C /* Products */;
			projectDirPath = "";
			projectRoot = "";
			targets = (
				CAE028A01DF15CE300E0D09C /* SpriteKitSimpleGame */,
			);
		};
/* End PBXProject section */

/* Begin PBXResourcesBuildPhase section */
		CAE0289F1DF15CE300E0D09C /* Resources */ = {
			isa = PBXResourcesBuildPhase;
			buildActionMask = 2147483647;
			files = (
				CAE028B01DF15CE300E0D09C /* Main.storyboard in Resources */,
				CAE028A71DF15CE300E0D09C /* GameScene.sks in Resources */,
				CAE028B21DF15CE300E0D09C /* Assets.xcassets in Resources */,
				CAE028B51DF15CE300E0D09C /* LaunchScreen.storyboard in Resources */,
				CAE028A91DF15CE300E0D09C /* Actions.sks in Resources */,
			);
			runOnlyForDeploymentPostprocessing = 0;
		};
/* End PBXResourcesBuildPhase section */

/* Begin PBXSourcesBuildPhase section */
		CAE0289D1DF15CE300E0D09C /* Sources */ = {
			isa = PBXSourcesBuildPhase;
			buildActionMask = 2147483647;
			files = (
				CAE028AB1DF15CE300E0D09C /* GameScene.swift in Sources */,
				CAE028AD1DF15CE300E0D09C /* GameViewController.swift in Sources */,
				CAE028A51DF15CE300E0D09C /* AppDelegate.swift in Sources */,
			);
			runOnlyForDeploymentPostprocessing = 0;
		};
/* End PBXSourcesBuildPhase section */

/* Begin PBXVariantGroup section */
		CAE028AE1DF15CE300E0D09C /* Main.storyboard */ = {
			isa = PBXVariantGroup;
			children = (
				CAE028AF1DF15CE300E0D09C /* Base */,
			);
			name = Main.storyboard;
			sourceTree = "<group>";
		};
		CAE028B31DF15CE300E0D09C /* LaunchScreen.storyboard */ = {
			isa = PBXVariantGroup;
			children = (
				CAE028B41DF15CE300E0D09C /* Base */,
			);
			name = LaunchScreen.storyboard;
			sourceTree = "<group>";
		};
/* End PBXVariantGroup section */

/* Begin XCBuildConfiguration section */
		CAE028B71DF15CE300E0D09C /* Debug */ = {
			isa = XCBuildConfiguration;
			buildSettings = {
				ALWAYS_SEARCH_USER_PATHS = NO;
				CLANG_ANALYZER_NONNULL = YES;
				CLANG_CXX_LANGUAGE_STANDARD = "gnu++0x";
				CLANG_CXX_LIBRARY = "libc++";
				CLANG_ENABLE_MODULES = YES;
				CLANG_ENABLE_OBJC_ARC = YES;
				CLANG_WARN_BOOL_CONVERSION = YES;
				CLANG_WARN_CONSTANT_CONVERSION = YES;
				CLANG_WARN_DIRECT_OBJC_ISA_USAGE = YES_ERROR;
				CLANG_WARN_DOCUMENTATION_COMMENTS = YES;
				CLANG_WARN_EMPTY_BODY = YES;
				CLANG_WARN_ENUM_CONVERSION = YES;
				CLANG_WARN_INFINITE_RECURSION = YES;
				CLANG_WARN_INT_CONVERSION = YES;
				CLANG_WARN_OBJC_ROOT_CLASS = YES_ERROR;
				CLANG_WARN_SUSPICIOUS_MOVES = YES;
				CLANG_WARN_UNREACHABLE_CODE = YES;
				CLANG_WARN__DUPLICATE_METHOD_MATCH = YES;
				"CODE_SIGN_IDENTITY[sdk=iphoneos*]" = "iPhone Developer";
				COPY_PHASE_STRIP = NO;
				DEBUG_INFORMATION_FORMAT = dwarf;
				ENABLE_STRICT_OBJC_MSGSEND = YES;
				ENABLE_TESTABILITY = YES;
				GCC_C_LANGUAGE_STANDARD = gnu99;
				GCC_DYNAMIC_NO_PIC = NO;
				GCC_NO_COMMON_BLOCKS = YES;
				GCC_OPTIMIZATION_LEVEL = 0;
				GCC_PREPROCESSOR_DEFINITIONS = (
					"DEBUG=1",
					"$(inherited)",
				);
				GCC_WARN_64_TO_32_BIT_CONVERSION = YES;
				GCC_WARN_ABOUT_RETURN_TYPE = YES_ERROR;
				GCC_WARN_UNDECLARED_SELECTOR = YES;
				GCC_WARN_UNINITIALIZED_AUTOS = YES_AGGRESSIVE;
				GCC_WARN_UNUSED_FUNCTION = YES;
				GCC_WARN_UNUSED_VARIABLE = YES;
				IPHONEOS_DEPLOYMENT_TARGET = 10.0;
				MTL_ENABLE_DEBUG_INFO = YES;
				ONLY_ACTIVE_ARCH = YES;
				SDKROOT = iphoneos;
				SWIFT_ACTIVE_COMPILATION_CONDITIONS = DEBUG;
				SWIFT_OPTIMIZATION_LEVEL = "-Onone";
			};
			name = Debug;
		};
		CAE028B81DF15CE300E0D09C /* Release */ = {
			isa = XCBuildConfiguration;
			buildSettings = {
				ALWAYS_SEARCH_USER_PATHS = NO;
				CLANG_ANALYZER_NONNULL = YES;
				CLANG_CXX_LANGUAGE_STANDARD = "gnu++0x";
				CLANG_CXX_LIBRARY = "libc++";
				CLANG_ENABLE_MODULES = YES;
				CLANG_ENABLE_OBJC_ARC = YES;
				CLANG_WARN_BOOL_CONVERSION = YES;
				CLANG_WARN_CONSTANT_CONVERSION = YES;
				CLANG_WARN_DIRECT_OBJC_ISA_USAGE = YES_ERROR;
				CLANG_WARN_DOCUMENTATION_COMMENTS = YES;
				CLANG_WARN_EMPTY_BODY = YES;
				CLANG_WARN_ENUM_CONVERSION = YES;
				CLANG_WARN_INFINITE_RECURSION = YES;
				CLANG_WARN_INT_CONVERSION = YES;
				CLANG_WARN_OBJC_ROOT_CLASS = YES_ERROR;
				CLANG_WARN_SUSPICIOUS_MOVES = YES;
				CLANG_WARN_UNREACHABLE_CODE = YES;
				CLANG_WARN__DUPLICATE_METHOD_MATCH = YES;
				"CODE_SIGN_IDENTITY[sdk=iphoneos*]" = "iPhone Developer";
				COPY_PHASE_STRIP = NO;
				DEBUG_INFORMATION_FORMAT = "dwarf-with-dsym";
				ENABLE_NS_ASSERTIONS = NO;
				ENABLE_STRICT_OBJC_MSGSEND = YES;
				GCC_C_LANGUAGE_STANDARD = gnu99;
				GCC_NO_COMMON_BLOCKS = YES;
				GCC_WARN_64_TO_32_BIT_CONVERSION = YES;
				GCC_WARN_ABOUT_RETURN_TYPE = YES_ERROR;
				GCC_WARN_UNDECLARED_SELECTOR = YES;
				GCC_WARN_UNINITIALIZED_AUTOS = YES_AGGRESSIVE;
				GCC_WARN_UNUSED_FUNCTION = YES;
				GCC_WARN_UNUSED_VARIABLE = YES;
				IPHONEOS_DEPLOYMENT_TARGET = 10.0;
				MTL_ENABLE_DEBUG_INFO = NO;
				SDKROOT = iphoneos;
				SWIFT_OPTIMIZATION_LEVEL = "-Owholemodule";
				VALIDATE_PRODUCT = YES;
			};
			name = Release;
		};
		CAE028BA1DF15CE300E0D09C /* Debug */ = {
			isa = XCBuildConfiguration;
			buildSettings = {
				ASSETCATALOG_COMPILER_APPICON_NAME = AppIcon;
				INFOPLIST_FILE = SpriteKitSimpleGame/Info.plist;
				LD_RUNPATH_SEARCH_PATHS = "$(inherited) @executable_path/Frameworks";
				PRODUCT_BUNDLE_IDENTIFIER = ios.SpriteKitSimpleGame;
				PRODUCT_NAME = "$(TARGET_NAME)";
				SWIFT_VERSION = 3.0;
			};
			name = Debug;
		};
		CAE028BB1DF15CE300E0D09C /* Release */ = {
			isa = XCBuildConfiguration;
			buildSettings = {
				ASSETCATALOG_COMPILER_APPICON_NAME = AppIcon;
				INFOPLIST_FILE = SpriteKitSimpleGame/Info.plist;
				LD_RUNPATH_SEARCH_PATHS = "$(inherited) @executable_path/Frameworks";
				PRODUCT_BUNDLE_IDENTIFIER = ios.SpriteKitSimpleGame;
				PRODUCT_NAME = "$(TARGET_NAME)";
				SWIFT_VERSION = 3.0;
			};
			name = Release;
		};
/* End XCBuildConfiguration section */

/* Begin XCConfigurationList section */
		CAE0289C1DF15CE300E0D09C /* Build configuration list for PBXProject "SpriteKitSimpleGame" */ = {
			isa = XCConfigurationList;
			buildConfigurations = (
				CAE028B71DF15CE300E0D09C /* Debug */,
				CAE028B81DF15CE300E0D09C /* Release */,
			);
			defaultConfigurationIsVisible = 0;
			defaultConfigurationName = Release;
		};
		CAE028B91DF15CE300E0D09C /* Build configuration list for PBXNativeTarget "SpriteKitSimpleGame" */ = {
			isa = XCConfigurationList;
			buildConfigurations = (
				CAE028BA1DF15CE300E0D09C /* Debug */,
				CAE028BB1DF15CE300E0D09C /* Release */,
			);
			defaultConfigurationIsVisible = 0;
		};
/* End XCConfigurationList section */
	};
	rootObject = CAE028991DF15CE300E0D09C /* Project object */;
}
